{
  "lockfile_version": "1",
  "packages": {
    "bundler@latest": {
      "last_modified": "2023-09-27T18:02:17Z",
      "resolved": "github:NixOS/nixpkgs/517501bcf14ae6ec47efd6a17dda0ca8e6d866f9#bundler",
      "source": "devbox-search",
      "version": "2.4.19",
      "systems": {
        "aarch64-darwin": {
          "store_path": "/nix/store/c0c0pd6rgjlpyhg16a3vi7s7rip5kgz2-bundler-2.4.19"
        },
        "aarch64-linux": {
          "store_path": "/nix/store/cijz14mfm7zz7j9g888frqpyqvh3b582-bundler-2.4.19"
        },
        "x86_64-darwin": {
          "store_path": "/nix/store/wgwmcqbb2zn9pwk6qhx1dxdzxjpx8kwm-bundler-2.4.19"
        },
        "x86_64-linux": {
          "store_path": "/nix/store/10q2lhdmzsrifpavmd6nb1r4kdapaprl-bundler-2.4.19"
        }
      }
    },
    "ruby@2.7.4": {
      "last_modified": "2021-11-29T12:42:14Z",
      "plugin_version": "0.0.2",
      "resolved": "github:NixOS/nixpkgs/f366af7a1b3891d9370091ab03150d3a6ee138fa#ruby",
      "source": "devbox-search",
      "version": "2.7.4",
      "systems": {
        "aarch64-darwin": {
          "store_path": "/nix/store/5bj3h2pvbghz5zvgsjkypr4y1r4cwqk6-ruby-2.7.4"
        },
        "x86_64-darwin": {
          "store_path": "/nix/store/m9ahsv24dwc5yzcwiqwxf5w32pap8cnm-ruby-2.7.4"
        },
        "x86_64-linux": {
          "store_path": "/nix/store/22hgrp938c7sfj1s4klhigddix2sqc12-ruby-2.7.4"
        }
      }
    }
  }
}
